
Microsoft Visual Studio Solution File, Format Version 12.00
# Visual Studio Version 16
VisualStudioVersion = 16.0.30225.117
MinimumVisualStudioVersion = 10.0.40219.1
Project("{888888A0-9F3D-457C-B088-3A5042F75D52}") = "PythonApplication.Reptiles", "PythonApplication.Reptiles.pyproj", "{861C13E6-1F86-4C6F-AABE-3492ABBB877B}"
EndProject
Project("{888888A0-9F3D-457C-B088-3A5042F75D52}") = "PythonApplication.House", "..\PythonApplication.House\PythonApplication.House.pyproj", "{67147470-E1D4-4255-87F3-93275FFEBB72}"
EndProject
Project("{FAE04EC0-301F-11D3-BF4B-00C04F79EFBC}") = "ConsoleApp.House", "..\ConsoleApp.House\ConsoleApp.House.csproj", "{A9FC3650-24D0-4B99-82EF-2C6A376E1BE8}"
EndProject
Global
	GlobalSection(SolutionConfigurationPlatforms) = preSolution
		Debug|Any CPU = Debug|Any CPU
		Release|Any CPU = Release|Any CPU
	EndGlobalSection
	GlobalSection(ProjectConfigurationPlatforms) = postSolution
		{861C13E6-1F86-4C6F-AABE-3492ABBB877B}.Debug|Any CPU.ActiveCfg = Debug|Any CPU
		{861C13E6-1F86-4C6F-AABE-3492ABBB877B}.Release|Any CPU.ActiveCfg = Release|Any CPU
		{67147470-E1D4-4255-87F3-93275FFEBB72}.Debug|Any CPU.ActiveCfg = Debug|Any CPU
		{67147470-E1D4-4255-87F3-93275FFEBB72}.Release|Any CPU.ActiveCfg = Release|Any CPU
		{A9FC3650-24D0-4B99-82EF-2C6A376E1BE8}.Debug|Any CPU.ActiveCfg = Debug|Any CPU
		{A9FC3650-24D0-4B99-82EF-2C6A376E1BE8}.Debug|Any CPU.Build.0 = Debug|Any CPU
		{A9FC3650-24D0-4B99-82EF-2C6A376E1BE8}.Release|Any CPU.ActiveCfg = Release|Any CPU
		{A9FC3650-24D0-4B99-82EF-2C6A376E1BE8}.Release|Any CPU.Build.0 = Release|Any CPU
	EndGlobalSection
	GlobalSection(SolutionProperties) = preSolution
		HideSolutionNode = FALSE
	EndGlobalSection
	GlobalSection(ExtensibilityGlobals) = postSolution
		SolutionGuid = {FBE7C832-9053-409E-8B9F-0829EFA65F82}
	EndGlobalSection
EndGlobal
